
Microsoft Visual Studio Solution File, Format Version 12.00
# Visual Studio Version 16
VisualStudioVersion = 16.0.29215.179
MinimumVisualStudioVersion = 10.0.40219.1
Project("{FAE04EC0-301F-11D3-BF4B-00C04F79EFBC}") = "NonNumericalVariables", "NonNumericalVariables\NonNumericalVariables.csproj", "{62042458-F97C-4427-A0F0-9F8A3BBA03BA}"
EndProject
Global
	GlobalSection(SolutionConfigurationPlatforms) = preSolution
		Debug|Any CPU = Debug|Any CPU
		Release|Any CPU = Release|Any CPU
	EndGlobalSection
	GlobalSection(ProjectConfigurationPlatforms) = postSolution
		{62042458-F97C-4427-A0F0-9F8A3BBA03BA}.Debug|Any CPU.ActiveCfg = Debug|Any CPU
		{62042458-F97C-4427-A0F0-9F8A3BBA03BA}.Debug|Any CPU.Build.0 = Debug|Any CPU
		{62042458-F97C-4427-A0F0-9F8A3BBA03BA}.Release|Any CPU.ActiveCfg = Release|Any CPU
		{62042458-F97C-4427-A0F0-9F8A3BBA03BA}.Release|Any CPU.Build.0 = Release|Any CPU
	EndGlobalSection
	GlobalSection(SolutionProperties) = preSolution
		HideSolutionNode = FALSE
	EndGlobalSection
	GlobalSection(ExtensibilityGlobals) = postSolution
		SolutionGuid = {887AFABB-2E37-4304-989C-E22D1DB56CBC}
	EndGlobalSection
EndGlobal
