
Microsoft Visual Studio Solution File, Format Version 12.00
# Visual Studio Version 16
VisualStudioVersion = 16.0.29215.179
MinimumVisualStudioVersion = 10.0.40219.1
Project("{FAE04EC0-301F-11D3-BF4B-00C04F79EFBC}") = "VarKeyword", "VarKeyword\VarKeyword.csproj", "{76225C02-D85F-4DA8-A410-EF95F42D30CD}"
EndProject
Global
	GlobalSection(SolutionConfigurationPlatforms) = preSolution
		Debug|Any CPU = Debug|Any CPU
		Release|Any CPU = Release|Any CPU
	EndGlobalSection
	GlobalSection(ProjectConfigurationPlatforms) = postSolution
		{76225C02-D85F-4DA8-A410-EF95F42D30CD}.Debug|Any CPU.ActiveCfg = Debug|Any CPU
		{76225C02-D85F-4DA8-A410-EF95F42D30CD}.Debug|Any CPU.Build.0 = Debug|Any CPU
		{76225C02-D85F-4DA8-A410-EF95F42D30CD}.Release|Any CPU.ActiveCfg = Release|Any CPU
		{76225C02-D85F-4DA8-A410-EF95F42D30CD}.Release|Any CPU.Build.0 = Release|Any CPU
	EndGlobalSection
	GlobalSection(SolutionProperties) = preSolution
		HideSolutionNode = FALSE
	EndGlobalSection
	GlobalSection(ExtensibilityGlobals) = postSolution
		SolutionGuid = {BED5A0D8-D4DD-4CE3-AF79-946B38696E79}
	EndGlobalSection
EndGlobal
