
Microsoft Visual Studio Solution File, Format Version 12.00
# Visual Studio Version 16
VisualStudioVersion = 16.0.29215.179
MinimumVisualStudioVersion = 10.0.40219.1
Project("{FAE04EC0-301F-11D3-BF4B-00C04F79EFBC}") = "ReadLine", "ReadLine\ReadLine.csproj", "{C2DE22CA-C5DF-432B-906C-DF94E8FC0331}"
EndProject
Global
	GlobalSection(SolutionConfigurationPlatforms) = preSolution
		Debug|Any CPU = Debug|Any CPU
		Release|Any CPU = Release|Any CPU
	EndGlobalSection
	GlobalSection(ProjectConfigurationPlatforms) = postSolution
		{C2DE22CA-C5DF-432B-906C-DF94E8FC0331}.Debug|Any CPU.ActiveCfg = Debug|Any CPU
		{C2DE22CA-C5DF-432B-906C-DF94E8FC0331}.Debug|Any CPU.Build.0 = Debug|Any CPU
		{C2DE22CA-C5DF-432B-906C-DF94E8FC0331}.Release|Any CPU.ActiveCfg = Release|Any CPU
		{C2DE22CA-C5DF-432B-906C-DF94E8FC0331}.Release|Any CPU.Build.0 = Release|Any CPU
	EndGlobalSection
	GlobalSection(SolutionProperties) = preSolution
		HideSolutionNode = FALSE
	EndGlobalSection
	GlobalSection(ExtensibilityGlobals) = postSolution
		SolutionGuid = {5DB8F219-E7D0-4514-8DCB-F9AEE735E216}
	EndGlobalSection
EndGlobal
