
Microsoft Visual Studio Solution File, Format Version 12.00
# Visual Studio Version 16
VisualStudioVersion = 16.0.29215.179
MinimumVisualStudioVersion = 10.0.40219.1
Project("{FAE04EC0-301F-11D3-BF4B-00C04F79EFBC}") = "Comparison", "Comparison\Comparison.csproj", "{8073032A-969A-438C-BE59-E22459728175}"
EndProject
Global
	GlobalSection(SolutionConfigurationPlatforms) = preSolution
		Debug|Any CPU = Debug|Any CPU
		Release|Any CPU = Release|Any CPU
	EndGlobalSection
	GlobalSection(ProjectConfigurationPlatforms) = postSolution
		{8073032A-969A-438C-BE59-E22459728175}.Debug|Any CPU.ActiveCfg = Debug|Any CPU
		{8073032A-969A-438C-BE59-E22459728175}.Debug|Any CPU.Build.0 = Debug|Any CPU
		{8073032A-969A-438C-BE59-E22459728175}.Release|Any CPU.ActiveCfg = Release|Any CPU
		{8073032A-969A-438C-BE59-E22459728175}.Release|Any CPU.Build.0 = Release|Any CPU
	EndGlobalSection
	GlobalSection(SolutionProperties) = preSolution
		HideSolutionNode = FALSE
	EndGlobalSection
	GlobalSection(ExtensibilityGlobals) = postSolution
		SolutionGuid = {6A763D40-610F-42D6-86D2-A658CF0AAE46}
	EndGlobalSection
EndGlobal
